
Microsoft Visual Studio Solution File, Format Version 12.00
# Visual Studio Express 14 for Web
VisualStudioVersion = 14.0.23107.0
MinimumVisualStudioVersion = 10.0.40219.1
Project("{FAE04EC0-301F-11D3-BF4B-00C04F79EFBC}") = "jkb", "jkb\jkb.csproj", "{ADDA0F17-C35E-4890-A444-A1564A94D41E}"
EndProject
Project("{FAE04EC0-301F-11D3-BF4B-00C04F79EFBC}") = "jkb.Tests", "jkb.Tests\jkb.Tests.csproj", "{79BB92C6-AC31-4BAF-A7F5-AA802B293D98}"
EndProject
Global
	GlobalSection(SolutionConfigurationPlatforms) = preSolution
		Debug|Any CPU = Debug|Any CPU
		Release|Any CPU = Release|Any CPU
	EndGlobalSection
	GlobalSection(ProjectConfigurationPlatforms) = postSolution
		{ADDA0F17-C35E-4890-A444-A1564A94D41E}.Debug|Any CPU.ActiveCfg = Debug|Any CPU
		{ADDA0F17-C35E-4890-A444-A1564A94D41E}.Debug|Any CPU.Build.0 = Debug|Any CPU
		{ADDA0F17-C35E-4890-A444-A1564A94D41E}.Release|Any CPU.ActiveCfg = Release|Any CPU
		{ADDA0F17-C35E-4890-A444-A1564A94D41E}.Release|Any CPU.Build.0 = Release|Any CPU
		{79BB92C6-AC31-4BAF-A7F5-AA802B293D98}.Debug|Any CPU.ActiveCfg = Debug|Any CPU
		{79BB92C6-AC31-4BAF-A7F5-AA802B293D98}.Debug|Any CPU.Build.0 = Debug|Any CPU
		{79BB92C6-AC31-4BAF-A7F5-AA802B293D98}.Release|Any CPU.ActiveCfg = Release|Any CPU
		{79BB92C6-AC31-4BAF-A7F5-AA802B293D98}.Release|Any CPU.Build.0 = Release|Any CPU
	EndGlobalSection
	GlobalSection(SolutionProperties) = preSolution
		HideSolutionNode = FALSE
	EndGlobalSection
EndGlobal
